// !$*UTF8*$!
{
	archiveVersion = 1;
	classes = {
	};
	objectVersion = 55;
	objects = {

/* Begin PBXFileReference section */
		33E52B2E28CA754100A27533 /* puzzle.html */ = {isa = PBXFileReference; lastKnownFileType = text.html; path = puzzle.html; sourceTree = "<group>"; };
		33E52B2F28CA769B00A27533 /* stylesheet.css */ = {isa = PBXFileReference; lastKnownFileType = text.css; path = stylesheet.css; sourceTree = "<group>"; };
		33E52B3028CA88A800A27533 /* scriptPuzzle.js */ = {isa = PBXFileReference; lastKnownFileType = sourcecode.javascript; path = scriptPuzzle.js; sourceTree = "<group>"; };
/* End PBXFileReference section */

/* Begin PBXGroup section */
		33E52B2728CA750B00A27533 = {
			isa = PBXGroup;
			children = (
				33E52B2E28CA754100A27533 /* puzzle.html */,
				33E52B2F28CA769B00A27533 /* stylesheet.css */,
				33E52B3028CA88A800A27533 /* scriptPuzzle.js */,
			);
			sourceTree = "<group>";
		};
/* End PBXGroup section */

/* Begin PBXProject section */
		33E52B2828CA750B00A27533 /* Project object */ = {
			isa = PBXProject;
			attributes = {
				BuildIndependentTargetsInParallel = 1;
				LastUpgradeCheck = 1320;
			};
			buildConfigurationList = 33E52B2B28CA750B00A27533 /* Build configuration list for PBXProject "Puzzle_Game" */;
			compatibilityVersion = "Xcode 13.0";
			developmentRegion = en;
			hasScannedForEncodings = 0;
			knownRegions = (
				en,
				Base,
			);
			mainGroup = 33E52B2728CA750B00A27533;
			projectDirPath = "";
			projectRoot = "";
			targets = (
			);
		};
/* End PBXProject section */

/* Begin XCBuildConfiguration section */
		33E52B2C28CA750B00A27533 /* Debug */ = {
			isa = XCBuildConfiguration;
			buildSettings = {
			};
			name = Debug;
		};
		33E52B2D28CA750B00A27533 /* Release */ = {
			isa = XCBuildConfiguration;
			buildSettings = {
			};
			name = Release;
		};
/* End XCBuildConfiguration section */

/* Begin XCConfigurationList section */
		33E52B2B28CA750B00A27533 /* Build configuration list for PBXProject "Puzzle_Game" */ = {
			isa = XCConfigurationList;
			buildConfigurations = (
				33E52B2C28CA750B00A27533 /* Debug */,
				33E52B2D28CA750B00A27533 /* Release */,
			);
			defaultConfigurationIsVisible = 0;
			defaultConfigurationName = Release;
		};
/* End XCConfigurationList section */
	};
	rootObject = 33E52B2828CA750B00A27533 /* Project object */;
}
